
Microsoft Visual Studio Solution File, Format Version 12.00
# Visual Studio Version 16
VisualStudioVersion = 16.0.32802.440
MinimumVisualStudioVersion = 10.0.40219.1
Project("{FAE04EC0-301F-11D3-BF4B-00C04F79EFBC}") = "ruaplv1", "ruaplv1\ruaplv1.csproj", "{840EF41B-4CA2-4C71-8EC9-26A2A01C0235}"
EndProject
Global
	GlobalSection(SolutionConfigurationPlatforms) = preSolution
		Debug|Any CPU = Debug|Any CPU
		Release|Any CPU = Release|Any CPU
	EndGlobalSection
	GlobalSection(ProjectConfigurationPlatforms) = postSolution
		{840EF41B-4CA2-4C71-8EC9-26A2A01C0235}.Debug|Any CPU.ActiveCfg = Debug|Any CPU
		{840EF41B-4CA2-4C71-8EC9-26A2A01C0235}.Debug|Any CPU.Build.0 = Debug|Any CPU
		{840EF41B-4CA2-4C71-8EC9-26A2A01C0235}.Release|Any CPU.ActiveCfg = Release|Any CPU
		{840EF41B-4CA2-4C71-8EC9-26A2A01C0235}.Release|Any CPU.Build.0 = Release|Any CPU
	EndGlobalSection
	GlobalSection(SolutionProperties) = preSolution
		HideSolutionNode = FALSE
	EndGlobalSection
	GlobalSection(ExtensibilityGlobals) = postSolution
		SolutionGuid = {7E540F7F-1E3F-4431-B511-CB5E0DD2C0F1}
	EndGlobalSection
EndGlobal
